// !$*UTF8*$!
{
	archiveVersion = 1;
	classes = {
	};
	objectVersion = 55;
	objects = {

/* Begin PBXBuildFile section */
		2004978727FD6B8B00B217AC /* LoginView.swift in Sources */ = {isa = PBXBuildFile; fileRef = 2004978627FD6B8B00B217AC /* LoginView.swift */; };
		2004978927FD717000B217AC /* UserViewModel.swift in Sources */ = {isa = PBXBuildFile; fileRef = 2004978827FD717000B217AC /* UserViewModel.swift */; };
		2004978B27FD72FD00B217AC /* SignInView.swift in Sources */ = {isa = PBXBuildFile; fileRef = 2004978A27FD72FD00B217AC /* SignInView.swift */; };
		2032B00F280709280088ACB3 /* UserAuth.swift in Sources */ = {isa = PBXBuildFile; fileRef = 2032B00E280709280088ACB3 /* UserAuth.swift */; };
		3202D61428041F030054E508 /* TabBar.swift in Sources */ = {isa = PBXBuildFile; fileRef = 3202D61328041F030054E508 /* TabBar.swift */; };
		320E53B927FECF2000D394F2 /* MyPageView.swift in Sources */ = {isa = PBXBuildFile; fileRef = 320E53B827FECF2000D394F2 /* MyPageView.swift */; };
		320E53BB27FECF5400D394F2 /* ChangePasswordView.swift in Sources */ = {isa = PBXBuildFile; fileRef = 320E53BA27FECF5400D394F2 /* ChangePasswordView.swift */; };
		322783FA2805698F00E47918 /* LoggedOutMyPageView.swift in Sources */ = {isa = PBXBuildFile; fileRef = 322783F92805698F00E47918 /* LoggedOutMyPageView.swift */; };
		32CE4F9A2806C64F00D7825F /* SplashScreenView.swift in Sources */ = {isa = PBXBuildFile; fileRef = 32CE4F992806C64F00D7825F /* SplashScreenView.swift */; };
		32F6D779280024BC00902575 /* RuleView.swift in Sources */ = {isa = PBXBuildFile; fileRef = 32F6D778280024BC00902575 /* RuleView.swift */; };
		835E4E6A28002FE400EB80B3 /* SignUpView.swift in Sources */ = {isa = PBXBuildFile; fileRef = 835E4E6928002FE400EB80B3 /* SignUpView.swift */; };
		838A03F6280029EF00496AC8 /* EmailVerifyView.swift in Sources */ = {isa = PBXBuildFile; fileRef = 838A03F5280029EF00496AC8 /* EmailVerifyView.swift */; };
		83BDC5D92805BDDD00EF960F /* GeometryGetter.swift in Sources */ = {isa = PBXBuildFile; fileRef = 83BDC5D82805BDDD00EF960F /* GeometryGetter.swift */; };
		83BDC5DB2805BE2300EF960F /* KeyboardGuardian.swift in Sources */ = {isa = PBXBuildFile; fileRef = 83BDC5DA2805BE2300EF960F /* KeyboardGuardian.swift */; };
		83BDC5DD2805C36E00EF960F /* KitTextField.swift in Sources */ = {isa = PBXBuildFile; fileRef = 83BDC5DC2805C36E00EF960F /* KitTextField.swift */; };
		83C762EF27FD685100FDC8D0 /* AppleKiwiApp.swift in Sources */ = {isa = PBXBuildFile; fileRef = 83C762EE27FD685100FDC8D0 /* AppleKiwiApp.swift */; };
		83C762F127FD685100FDC8D0 /* ContentView.swift in Sources */ = {isa = PBXBuildFile; fileRef = 83C762F027FD685100FDC8D0 /* ContentView.swift */; };
		83C762F327FD685200FDC8D0 /* Assets.xcassets in Resources */ = {isa = PBXBuildFile; fileRef = 83C762F227FD685200FDC8D0 /* Assets.xcassets */; };
		83C762F627FD685200FDC8D0 /* Preview Assets.xcassets in Resources */ = {isa = PBXBuildFile; fileRef = 83C762F527FD685200FDC8D0 /* Preview Assets.xcassets */; };
		83C7630027FD685200FDC8D0 /* AppleKiwiTests.swift in Sources */ = {isa = PBXBuildFile; fileRef = 83C762FF27FD685200FDC8D0 /* AppleKiwiTests.swift */; };
		83C7630A27FD685200FDC8D0 /* AppleKiwiUITests.swift in Sources */ = {isa = PBXBuildFile; fileRef = 83C7630927FD685200FDC8D0 /* AppleKiwiUITests.swift */; };
		83C7630C27FD685200FDC8D0 /* AppleKiwiUITestsLaunchTests.swift in Sources */ = {isa = PBXBuildFile; fileRef = 83C7630B27FD685200FDC8D0 /* AppleKiwiUITestsLaunchTests.swift */; };
		9ACBC58428069CBB00C395A4 /* User.swift in Sources */ = {isa = PBXBuildFile; fileRef = 9ACBC58328069CBB00C395A4 /* User.swift */; };
		9ACBC58628069CEE00C395A4 /* EditWikiView.swift in Sources */ = {isa = PBXBuildFile; fileRef = 9ACBC58528069CEE00C395A4 /* EditWikiView.swift */; };
		9ACBC58828069D1900C395A4 /* ReadWikiView.swift in Sources */ = {isa = PBXBuildFile; fileRef = 9ACBC58728069D1900C395A4 /* ReadWikiView.swift */; };
		9ACBC58A28069D5300C395A4 /* MainList.swift in Sources */ = {isa = PBXBuildFile; fileRef = 9ACBC58928069D5300C395A4 /* MainList.swift */; };
		9ACBC58D28069D6300C395A4 /* SearchBar.swift in Sources */ = {isa = PBXBuildFile; fileRef = 9ACBC58C28069D6300C395A4 /* SearchBar.swift */; };
		F8E7FBA927FD6F3F00CF3F7E /* MarkdownView in Frameworks */ = {isa = PBXBuildFile; productRef = F8E7FBA827FD6F3F00CF3F7E /* MarkdownView */; };
		F8FB040A280024BB00026CAD /* NotificationSettingView.swift in Sources */ = {isa = PBXBuildFile; fileRef = F8FB0409280024BB00026CAD /* NotificationSettingView.swift */; };
/* End PBXBuildFile section */

/* Begin PBXContainerItemProxy section */
		83C762FC27FD685200FDC8D0 /* PBXContainerItemProxy */ = {
			isa = PBXContainerItemProxy;
			containerPortal = 83C762E327FD685100FDC8D0 /* Project object */;
			proxyType = 1;
			remoteGlobalIDString = 83C762EA27FD685100FDC8D0;
			remoteInfo = AppleKiwi;
		};
		83C7630627FD685200FDC8D0 /* PBXContainerItemProxy */ = {
			isa = PBXContainerItemProxy;
			containerPortal = 83C762E327FD685100FDC8D0 /* Project object */;
			proxyType = 1;
			remoteGlobalIDString = 83C762EA27FD685100FDC8D0;
			remoteInfo = AppleKiwi;
		};
/* End PBXContainerItemProxy section */

/* Begin PBXFileReference section */
		2004978627FD6B8B00B217AC /* LoginView.swift */ = {isa = PBXFileReference; lastKnownFileType = sourcecode.swift; path = LoginView.swift; sourceTree = "<group>"; };
		2004978827FD717000B217AC /* UserViewModel.swift */ = {isa = PBXFileReference; lastKnownFileType = sourcecode.swift; path = UserViewModel.swift; sourceTree = "<group>"; };
		2004978A27FD72FD00B217AC /* SignInView.swift */ = {isa = PBXFileReference; lastKnownFileType = sourcecode.swift; path = SignInView.swift; sourceTree = "<group>"; };
		2032B00E280709280088ACB3 /* UserAuth.swift */ = {isa = PBXFileReference; lastKnownFileType = sourcecode.swift; path = UserAuth.swift; sourceTree = "<group>"; };
		3202D61328041F030054E508 /* TabBar.swift */ = {isa = PBXFileReference; lastKnownFileType = sourcecode.swift; path = TabBar.swift; sourceTree = "<group>"; };
		320E53B827FECF2000D394F2 /* MyPageView.swift */ = {isa = PBXFileReference; lastKnownFileType = sourcecode.swift; path = MyPageView.swift; sourceTree = "<group>"; };
		320E53BA27FECF5400D394F2 /* ChangePasswordView.swift */ = {isa = PBXFileReference; lastKnownFileType = sourcecode.swift; path = ChangePasswordView.swift; sourceTree = "<group>"; };
		322783F92805698F00E47918 /* LoggedOutMyPageView.swift */ = {isa = PBXFileReference; lastKnownFileType = sourcecode.swift; path = LoggedOutMyPageView.swift; sourceTree = "<group>"; };
		32CE4F992806C64F00D7825F /* SplashScreenView.swift */ = {isa = PBXFileReference; lastKnownFileType = sourcecode.swift; path = SplashScreenView.swift; sourceTree = "<group>"; };
		32F6D778280024BC00902575 /* RuleView.swift */ = {isa = PBXFileReference; lastKnownFileType = sourcecode.swift; path = RuleView.swift; sourceTree = "<group>"; };
		835E4E6928002FE400EB80B3 /* SignUpView.swift */ = {isa = PBXFileReference; lastKnownFileType = sourcecode.swift; path = SignUpView.swift; sourceTree = "<group>"; };
		838A03F5280029EF00496AC8 /* EmailVerifyView.swift */ = {isa = PBXFileReference; lastKnownFileType = sourcecode.swift; path = EmailVerifyView.swift; sourceTree = "<group>"; };
		83BDC5D82805BDDD00EF960F /* GeometryGetter.swift */ = {isa = PBXFileReference; lastKnownFileType = sourcecode.swift; path = GeometryGetter.swift; sourceTree = "<group>"; };
		83BDC5DA2805BE2300EF960F /* KeyboardGuardian.swift */ = {isa = PBXFileReference; lastKnownFileType = sourcecode.swift; path = KeyboardGuardian.swift; sourceTree = "<group>"; };
		83BDC5DC2805C36E00EF960F /* KitTextField.swift */ = {isa = PBXFileReference; lastKnownFileType = sourcecode.swift; path = KitTextField.swift; sourceTree = "<group>"; };
		83C762EB27FD685100FDC8D0 /* AppleKiwi.app */ = {isa = PBXFileReference; explicitFileType = wrapper.application; includeInIndex = 0; path = AppleKiwi.app; sourceTree = BUILT_PRODUCTS_DIR; };
		83C762EE27FD685100FDC8D0 /* AppleKiwiApp.swift */ = {isa = PBXFileReference; lastKnownFileType = sourcecode.swift; path = AppleKiwiApp.swift; sourceTree = "<group>"; };
		83C762F027FD685100FDC8D0 /* ContentView.swift */ = {isa = PBXFileReference; lastKnownFileType = sourcecode.swift; path = ContentView.swift; sourceTree = "<group>"; };
		83C762F227FD685200FDC8D0 /* Assets.xcassets */ = {isa = PBXFileReference; lastKnownFileType = folder.assetcatalog; path = Assets.xcassets; sourceTree = "<group>"; };
		83C762F527FD685200FDC8D0 /* Preview Assets.xcassets */ = {isa = PBXFileReference; lastKnownFileType = folder.assetcatalog; path = "Preview Assets.xcassets"; sourceTree = "<group>"; };
		83C762FB27FD685200FDC8D0 /* AppleKiwiTests.xctest */ = {isa = PBXFileReference; explicitFileType = wrapper.cfbundle; includeInIndex = 0; path = AppleKiwiTests.xctest; sourceTree = BUILT_PRODUCTS_DIR; };
		83C762FF27FD685200FDC8D0 /* AppleKiwiTests.swift */ = {isa = PBXFileReference; lastKnownFileType = sourcecode.swift; path = AppleKiwiTests.swift; sourceTree = "<group>"; };
		83C7630527FD685200FDC8D0 /* AppleKiwiUITests.xctest */ = {isa = PBXFileReference; explicitFileType = wrapper.cfbundle; includeInIndex = 0; path = AppleKiwiUITests.xctest; sourceTree = BUILT_PRODUCTS_DIR; };
		83C7630927FD685200FDC8D0 /* AppleKiwiUITests.swift */ = {isa = PBXFileReference; lastKnownFileType = sourcecode.swift; path = AppleKiwiUITests.swift; sourceTree = "<group>"; };
		83C7630B27FD685200FDC8D0 /* AppleKiwiUITestsLaunchTests.swift */ = {isa = PBXFileReference; lastKnownFileType = sourcecode.swift; path = AppleKiwiUITestsLaunchTests.swift; sourceTree = "<group>"; };
		9ACBC58328069CBB00C395A4 /* User.swift */ = {isa = PBXFileReference; lastKnownFileType = sourcecode.swift; path = User.swift; sourceTree = "<group>"; };
		9ACBC58528069CEE00C395A4 /* EditWikiView.swift */ = {isa = PBXFileReference; lastKnownFileType = sourcecode.swift; path = EditWikiView.swift; sourceTree = "<group>"; };
		9ACBC58728069D1900C395A4 /* ReadWikiView.swift */ = {isa = PBXFileReference; lastKnownFileType = sourcecode.swift; path = ReadWikiView.swift; sourceTree = "<group>"; };
		9ACBC58928069D5300C395A4 /* MainList.swift */ = {isa = PBXFileReference; lastKnownFileType = sourcecode.swift; path = MainList.swift; sourceTree = "<group>"; };
		9ACBC58C28069D6300C395A4 /* SearchBar.swift */ = {isa = PBXFileReference; lastKnownFileType = sourcecode.swift; path = SearchBar.swift; sourceTree = "<group>"; };
		F8FB0409280024BB00026CAD /* NotificationSettingView.swift */ = {isa = PBXFileReference; lastKnownFileType = sourcecode.swift; path = NotificationSettingView.swift; sourceTree = "<group>"; };
/* End PBXFileReference section */

/* Begin PBXFrameworksBuildPhase section */
		83C762E827FD685100FDC8D0 /* Frameworks */ = {
			isa = PBXFrameworksBuildPhase;
			buildActionMask = 2147483647;
			files = (
				F8E7FBA927FD6F3F00CF3F7E /* MarkdownView in Frameworks */,
			);
			runOnlyForDeploymentPostprocessing = 0;
		};
		83C762F827FD685200FDC8D0 /* Frameworks */ = {
			isa = PBXFrameworksBuildPhase;
			buildActionMask = 2147483647;
			files = (
			);
			runOnlyForDeploymentPostprocessing = 0;
		};
		83C7630227FD685200FDC8D0 /* Frameworks */ = {
			isa = PBXFrameworksBuildPhase;
			buildActionMask = 2147483647;
			files = (
			);
			runOnlyForDeploymentPostprocessing = 0;
		};
/* End PBXFrameworksBuildPhase section */

/* Begin PBXGroup section */
		2004978C27FD75B100B217AC /* LoginView */ = {
			isa = PBXGroup;
			children = (
				2004978627FD6B8B00B217AC /* LoginView.swift */,
				2004978A27FD72FD00B217AC /* SignInView.swift */,
				838A03F5280029EF00496AC8 /* EmailVerifyView.swift */,
				835E4E6928002FE400EB80B3 /* SignUpView.swift */,
			);
			path = LoginView;
			sourceTree = "<group>";
		};
		3202D61228041EE70054E508 /* TabBarControllerScene */ = {
			isa = PBXGroup;
			children = (
				3202D61328041F030054E508 /* TabBar.swift */,
			);
			path = TabBarControllerScene;
			sourceTree = "<group>";
		};
		320E53B727FECF0500D394F2 /* MyPageView */ = {
			isa = PBXGroup;
			children = (
				320E53B827FECF2000D394F2 /* MyPageView.swift */,
				322783F92805698F00E47918 /* LoggedOutMyPageView.swift */,
				32F6D778280024BC00902575 /* RuleView.swift */,
				320E53BA27FECF5400D394F2 /* ChangePasswordView.swift */,
				F8FB0409280024BB00026CAD /* NotificationSettingView.swift */,
			);
			path = MyPageView;
			sourceTree = "<group>";
		};
		32CE4F982806C63100D7825F /* SplashScreenView */ = {
			isa = PBXGroup;
			children = (
				32CE4F992806C64F00D7825F /* SplashScreenView.swift */,
			);
			path = SplashScreenView;
			sourceTree = "<group>";
		};
		83C762E227FD685100FDC8D0 = {
			isa = PBXGroup;
			children = (
				83C762ED27FD685100FDC8D0 /* AppleKiwi */,
				83C762FE27FD685200FDC8D0 /* AppleKiwiTests */,
				83C7630827FD685200FDC8D0 /* AppleKiwiUITests */,
				83C762EC27FD685100FDC8D0 /* Products */,
			);
			sourceTree = "<group>";
		};
		83C762EC27FD685100FDC8D0 /* Products */ = {
			isa = PBXGroup;
			children = (
				83C762EB27FD685100FDC8D0 /* AppleKiwi.app */,
				83C762FB27FD685200FDC8D0 /* AppleKiwiTests.xctest */,
				83C7630527FD685200FDC8D0 /* AppleKiwiUITests.xctest */,
			);
			name = Products;
			sourceTree = "<group>";
		};
		83C762ED27FD685100FDC8D0 /* AppleKiwi */ = {
			isa = PBXGroup;
			children = (
				32CE4F982806C63100D7825F /* SplashScreenView */,
				9ACBC58228069CA700C395A4 /* MainPageList */,
				9ACBC58028069C8000C395A4 /* View */,
				9ACBC57E28069C5200C395A4 /* Model */,
				3202D61228041EE70054E508 /* TabBarControllerScene */,
				320E53B727FECF0500D394F2 /* MyPageView */,
				2004978C27FD75B100B217AC /* LoginView */,
				83C762EE27FD685100FDC8D0 /* AppleKiwiApp.swift */,
				83C762F027FD685100FDC8D0 /* ContentView.swift */,
				83C762F227FD685200FDC8D0 /* Assets.xcassets */,
				83C762F427FD685200FDC8D0 /* Preview Content */,
				2004978827FD717000B217AC /* UserViewModel.swift */,
				2032B00E280709280088ACB3 /* UserAuth.swift */,
				83BDC5D82805BDDD00EF960F /* GeometryGetter.swift */,
				83BDC5DA2805BE2300EF960F /* KeyboardGuardian.swift */,
				83BDC5DC2805C36E00EF960F /* KitTextField.swift */,
			);
			path = AppleKiwi;
			sourceTree = "<group>";
		};
		83C762F427FD685200FDC8D0 /* Preview Content */ = {
			isa = PBXGroup;
			children = (
				83C762F527FD685200FDC8D0 /* Preview Assets.xcassets */,
			);
			path = "Preview Content";
			sourceTree = "<group>";
		};
		83C762FE27FD685200FDC8D0 /* AppleKiwiTests */ = {
			isa = PBXGroup;
			children = (
				83C762FF27FD685200FDC8D0 /* AppleKiwiTests.swift */,
			);
			path = AppleKiwiTests;
			sourceTree = "<group>";
		};
		83C7630827FD685200FDC8D0 /* AppleKiwiUITests */ = {
			isa = PBXGroup;
			children = (
				83C7630927FD685200FDC8D0 /* AppleKiwiUITests.swift */,
				83C7630B27FD685200FDC8D0 /* AppleKiwiUITestsLaunchTests.swift */,
			);
			path = AppleKiwiUITests;
			sourceTree = "<group>";
		};
		9ACBC57E28069C5200C395A4 /* Model */ = {
			isa = PBXGroup;
			children = (
				9ACBC58328069CBB00C395A4 /* User.swift */,
			);
			path = Model;
			sourceTree = "<group>";
		};
		9ACBC58028069C8000C395A4 /* View */ = {
			isa = PBXGroup;
			children = (
				9ACBC58528069CEE00C395A4 /* EditWikiView.swift */,
				9ACBC58728069D1900C395A4 /* ReadWikiView.swift */,
			);
			path = View;
			sourceTree = "<group>";
		};
		9ACBC58228069CA700C395A4 /* MainPageList */ = {
			isa = PBXGroup;
			children = (
				9ACBC58928069D5300C395A4 /* MainList.swift */,
				9ACBC58C28069D6300C395A4 /* SearchBar.swift */,
			);
			path = MainPageList;
			sourceTree = "<group>";
		};
/* End PBXGroup section */

/* Begin PBXNativeTarget section */
		83C762EA27FD685100FDC8D0 /* AppleKiwi */ = {
			isa = PBXNativeTarget;
			buildConfigurationList = 83C7630F27FD685200FDC8D0 /* Build configuration list for PBXNativeTarget "AppleKiwi" */;
			buildPhases = (
				83C762E727FD685100FDC8D0 /* Sources */,
				83C762E827FD685100FDC8D0 /* Frameworks */,
				83C762E927FD685100FDC8D0 /* Resources */,
			);
			buildRules = (
			);
			dependencies = (
			);
			name = AppleKiwi;
			packageProductDependencies = (
				F8E7FBA827FD6F3F00CF3F7E /* MarkdownView */,
			);
			productName = AppleKiwi;
			productReference = 83C762EB27FD685100FDC8D0 /* AppleKiwi.app */;
			productType = "com.apple.product-type.application";
		};
		83C762FA27FD685200FDC8D0 /* AppleKiwiTests */ = {
			isa = PBXNativeTarget;
			buildConfigurationList = 83C7631227FD685200FDC8D0 /* Build configuration list for PBXNativeTarget "AppleKiwiTests" */;
			buildPhases = (
				83C762F727FD685200FDC8D0 /* Sources */,
				83C762F827FD685200FDC8D0 /* Frameworks */,
				83C762F927FD685200FDC8D0 /* Resources */,
			);
			buildRules = (
			);
			dependencies = (
				83C762FD27FD685200FDC8D0 /* PBXTargetDependency */,
			);
			name = AppleKiwiTests;
			productName = AppleKiwiTests;
			productReference = 83C762FB27FD685200FDC8D0 /* AppleKiwiTests.xctest */;
			productType = "com.apple.product-type.bundle.unit-test";
		};
		83C7630427FD685200FDC8D0 /* AppleKiwiUITests */ = {
			isa = PBXNativeTarget;
			buildConfigurationList = 83C7631527FD685200FDC8D0 /* Build configuration list for PBXNativeTarget "AppleKiwiUITests" */;
			buildPhases = (
				83C7630127FD685200FDC8D0 /* Sources */,
				83C7630227FD685200FDC8D0 /* Frameworks */,
				83C7630327FD685200FDC8D0 /* Resources */,
			);
			buildRules = (
			);
			dependencies = (
				83C7630727FD685200FDC8D0 /* PBXTargetDependency */,
			);
			name = AppleKiwiUITests;
			productName = AppleKiwiUITests;
			productReference = 83C7630527FD685200FDC8D0 /* AppleKiwiUITests.xctest */;
			productType = "com.apple.product-type.bundle.ui-testing";
		};
/* End PBXNativeTarget section */

/* Begin PBXProject section */
		83C762E327FD685100FDC8D0 /* Project object */ = {
			isa = PBXProject;
			attributes = {
				BuildIndependentTargetsInParallel = 1;
				LastSwiftUpdateCheck = 1330;
				LastUpgradeCheck = 1330;
				TargetAttributes = {
					83C762EA27FD685100FDC8D0 = {
						CreatedOnToolsVersion = 13.3;
					};
					83C762FA27FD685200FDC8D0 = {
						CreatedOnToolsVersion = 13.3;
						TestTargetID = 83C762EA27FD685100FDC8D0;
					};
					83C7630427FD685200FDC8D0 = {
						CreatedOnToolsVersion = 13.3;
						TestTargetID = 83C762EA27FD685100FDC8D0;
					};
				};
			};
			buildConfigurationList = 83C762E627FD685100FDC8D0 /* Build configuration list for PBXProject "AppleKiwi" */;
			compatibilityVersion = "Xcode 13.0";
			developmentRegion = en;
			hasScannedForEncodings = 0;
			knownRegions = (
				en,
				Base,
			);
			mainGroup = 83C762E227FD685100FDC8D0;
			packageReferences = (
				F8E7FBA727FD6F3F00CF3F7E /* XCRemoteSwiftPackageReference "MarkdownView" */,
			);
			productRefGroup = 83C762EC27FD685100FDC8D0 /* Products */;
			projectDirPath = "";
			projectRoot = "";
			targets = (
				83C762EA27FD685100FDC8D0 /* AppleKiwi */,
				83C762FA27FD685200FDC8D0 /* AppleKiwiTests */,
				83C7630427FD685200FDC8D0 /* AppleKiwiUITests */,
			);
		};
/* End PBXProject section */

/* Begin PBXResourcesBuildPhase section */
		83C762E927FD685100FDC8D0 /* Resources */ = {
			isa = PBXResourcesBuildPhase;
			buildActionMask = 2147483647;
			files = (
				83C762F627FD685200FDC8D0 /* Preview Assets.xcassets in Resources */,
				83C762F327FD685200FDC8D0 /* Assets.xcassets in Resources */,
			);
			runOnlyForDeploymentPostprocessing = 0;
		};
		83C762F927FD685200FDC8D0 /* Resources */ = {
			isa = PBXResourcesBuildPhase;
			buildActionMask = 2147483647;
			files = (
			);
			runOnlyForDeploymentPostprocessing = 0;
		};
		83C7630327FD685200FDC8D0 /* Resources */ = {
			isa = PBXResourcesBuildPhase;
			buildActionMask = 2147483647;
			files = (
			);
			runOnlyForDeploymentPostprocessing = 0;
		};
/* End PBXResourcesBuildPhase section */

/* Begin PBXSourcesBuildPhase section */
		83C762E727FD685100FDC8D0 /* Sources */ = {
			isa = PBXSourcesBuildPhase;
			buildActionMask = 2147483647;
			files = (
				2032B00F280709280088ACB3 /* UserAuth.swift in Sources */,
				835E4E6A28002FE400EB80B3 /* SignUpView.swift in Sources */,
				F8FB040A280024BB00026CAD /* NotificationSettingView.swift in Sources */,
				838A03F6280029EF00496AC8 /* EmailVerifyView.swift in Sources */,
				2004978727FD6B8B00B217AC /* LoginView.swift in Sources */,
				2004978927FD717000B217AC /* UserViewModel.swift in Sources */,
				83C762F127FD685100FDC8D0 /* ContentView.swift in Sources */,
				9ACBC58A28069D5300C395A4 /* MainList.swift in Sources */,
				9ACBC58628069CEE00C395A4 /* EditWikiView.swift in Sources */,
				9ACBC58D28069D6300C395A4 /* SearchBar.swift in Sources */,
				9ACBC58828069D1900C395A4 /* ReadWikiView.swift in Sources */,
				83BDC5DB2805BE2300EF960F /* KeyboardGuardian.swift in Sources */,
				322783FA2805698F00E47918 /* LoggedOutMyPageView.swift in Sources */,
				83BDC5DD2805C36E00EF960F /* KitTextField.swift in Sources */,
				320E53B927FECF2000D394F2 /* MyPageView.swift in Sources */,
				32F6D779280024BC00902575 /* RuleView.swift in Sources */,
				32CE4F9A2806C64F00D7825F /* SplashScreenView.swift in Sources */,
				320E53BB27FECF5400D394F2 /* ChangePasswordView.swift in Sources */,
				83C762EF27FD685100FDC8D0 /* AppleKiwiApp.swift in Sources */,
				9ACBC58428069CBB00C395A4 /* User.swift in Sources */,
				83BDC5D92805BDDD00EF960F /* GeometryGetter.swift in Sources */,
				2004978B27FD72FD00B217AC /* SignInView.swift in Sources */,
				3202D61428041F030054E508 /* TabBar.swift in Sources */,
			);
			runOnlyForDeploymentPostprocessing = 0;
		};
		83C762F727FD685200FDC8D0 /* Sources */ = {
			isa = PBXSourcesBuildPhase;
			buildActionMask = 2147483647;
			files = (
				83C7630027FD685200FDC8D0 /* AppleKiwiTests.swift in Sources */,
			);
			runOnlyForDeploymentPostprocessing = 0;
		};
		83C7630127FD685200FDC8D0 /* Sources */ = {
			isa = PBXSourcesBuildPhase;
			buildActionMask = 2147483647;
			files = (
				83C7630A27FD685200FDC8D0 /* AppleKiwiUITests.swift in Sources */,
				83C7630C27FD685200FDC8D0 /* AppleKiwiUITestsLaunchTests.swift in Sources */,
			);
			runOnlyForDeploymentPostprocessing = 0;
		};
/* End PBXSourcesBuildPhase section */

/* Begin PBXTargetDependency section */
		83C762FD27FD685200FDC8D0 /* PBXTargetDependency */ = {
			isa = PBXTargetDependency;
			target = 83C762EA27FD685100FDC8D0 /* AppleKiwi */;
			targetProxy = 83C762FC27FD685200FDC8D0 /* PBXContainerItemProxy */;
		};
		83C7630727FD685200FDC8D0 /* PBXTargetDependency */ = {
			isa = PBXTargetDependency;
			target = 83C762EA27FD685100FDC8D0 /* AppleKiwi */;
			targetProxy = 83C7630627FD685200FDC8D0 /* PBXContainerItemProxy */;
		};
/* End PBXTargetDependency section */

/* Begin XCBuildConfiguration section */
		83C7630D27FD685200FDC8D0 /* Debug */ = {
			isa = XCBuildConfiguration;
			buildSettings = {
				ALWAYS_SEARCH_USER_PATHS = NO;
				CLANG_ANALYZER_NONNULL = YES;
				CLANG_ANALYZER_NUMBER_OBJECT_CONVERSION = YES_AGGRESSIVE;
				CLANG_CXX_LANGUAGE_STANDARD = "gnu++17";
				CLANG_ENABLE_MODULES = YES;
				CLANG_ENABLE_OBJC_ARC = YES;
				CLANG_ENABLE_OBJC_WEAK = YES;
				CLANG_WARN_BLOCK_CAPTURE_AUTORELEASING = YES;
				CLANG_WARN_BOOL_CONVERSION = YES;
				CLANG_WARN_COMMA = YES;
				CLANG_WARN_CONSTANT_CONVERSION = YES;
				CLANG_WARN_DEPRECATED_OBJC_IMPLEMENTATIONS = YES;
				CLANG_WARN_DIRECT_OBJC_ISA_USAGE = YES_ERROR;
				CLANG_WARN_DOCUMENTATION_COMMENTS = YES;
				CLANG_WARN_EMPTY_BODY = YES;
				CLANG_WARN_ENUM_CONVERSION = YES;
				CLANG_WARN_INFINITE_RECURSION = YES;
				CLANG_WARN_INT_CONVERSION = YES;
				CLANG_WARN_NON_LITERAL_NULL_CONVERSION = YES;
				CLANG_WARN_OBJC_IMPLICIT_RETAIN_SELF = YES;
				CLANG_WARN_OBJC_LITERAL_CONVERSION = YES;
				CLANG_WARN_OBJC_ROOT_CLASS = YES_ERROR;
				CLANG_WARN_QUOTED_INCLUDE_IN_FRAMEWORK_HEADER = YES;
				CLANG_WARN_RANGE_LOOP_ANALYSIS = YES;
				CLANG_WARN_STRICT_PROTOTYPES = YES;
				CLANG_WARN_SUSPICIOUS_MOVE = YES;
				CLANG_WARN_UNGUARDED_AVAILABILITY = YES_AGGRESSIVE;
				CLANG_WARN_UNREACHABLE_CODE = YES;
				CLANG_WARN__DUPLICATE_METHOD_MATCH = YES;
				COPY_PHASE_STRIP = NO;
				DEBUG_INFORMATION_FORMAT = dwarf;
				ENABLE_STRICT_OBJC_MSGSEND = YES;
				ENABLE_TESTABILITY = YES;
				GCC_C_LANGUAGE_STANDARD = gnu11;
				GCC_DYNAMIC_NO_PIC = NO;
				GCC_NO_COMMON_BLOCKS = YES;
				GCC_OPTIMIZATION_LEVEL = 0;
				GCC_PREPROCESSOR_DEFINITIONS = (
					"DEBUG=1",
					"$(inherited)",
				);
				GCC_WARN_64_TO_32_BIT_CONVERSION = YES;
				GCC_WARN_ABOUT_RETURN_TYPE = YES_ERROR;
				GCC_WARN_UNDECLARED_SELECTOR = YES;
				GCC_WARN_UNINITIALIZED_AUTOS = YES_AGGRESSIVE;
				GCC_WARN_UNUSED_FUNCTION = YES;
				GCC_WARN_UNUSED_VARIABLE = YES;
				IPHONEOS_DEPLOYMENT_TARGET = 15.2;
				MTL_ENABLE_DEBUG_INFO = INCLUDE_SOURCE;
				MTL_FAST_MATH = YES;
				ONLY_ACTIVE_ARCH = YES;
				SDKROOT = iphoneos;
				SWIFT_ACTIVE_COMPILATION_CONDITIONS = DEBUG;
				SWIFT_OPTIMIZATION_LEVEL = "-Onone";
			};
			name = Debug;
		};
		83C7630E27FD685200FDC8D0 /* Release */ = {
			isa = XCBuildConfiguration;
			buildSettings = {
				ALWAYS_SEARCH_USER_PATHS = NO;
				CLANG_ANALYZER_NONNULL = YES;
				CLANG_ANALYZER_NUMBER_OBJECT_CONVERSION = YES_AGGRESSIVE;
				CLANG_CXX_LANGUAGE_STANDARD = "gnu++17";
				CLANG_ENABLE_MODULES = YES;
				CLANG_ENABLE_OBJC_ARC = YES;
				CLANG_ENABLE_OBJC_WEAK = YES;
				CLANG_WARN_BLOCK_CAPTURE_AUTORELEASING = YES;
				CLANG_WARN_BOOL_CONVERSION = YES;
				CLANG_WARN_COMMA = YES;
				CLANG_WARN_CONSTANT_CONVERSION = YES;
				CLANG_WARN_DEPRECATED_OBJC_IMPLEMENTATIONS = YES;
				CLANG_WARN_DIRECT_OBJC_ISA_USAGE = YES_ERROR;
				CLANG_WARN_DOCUMENTATION_COMMENTS = YES;
				CLANG_WARN_EMPTY_BODY = YES;
				CLANG_WARN_ENUM_CONVERSION = YES;
				CLANG_WARN_INFINITE_RECURSION = YES;
				CLANG_WARN_INT_CONVERSION = YES;
				CLANG_WARN_NON_LITERAL_NULL_CONVERSION = YES;
				CLANG_WARN_OBJC_IMPLICIT_RETAIN_SELF = YES;
				CLANG_WARN_OBJC_LITERAL_CONVERSION = YES;
				CLANG_WARN_OBJC_ROOT_CLASS = YES_ERROR;
				CLANG_WARN_QUOTED_INCLUDE_IN_FRAMEWORK_HEADER = YES;
				CLANG_WARN_RANGE_LOOP_ANALYSIS = YES;
				CLANG_WARN_STRICT_PROTOTYPES = YES;
				CLANG_WARN_SUSPICIOUS_MOVE = YES;
				CLANG_WARN_UNGUARDED_AVAILABILITY = YES_AGGRESSIVE;
				CLANG_WARN_UNREACHABLE_CODE = YES;
				CLANG_WARN__DUPLICATE_METHOD_MATCH = YES;
				COPY_PHASE_STRIP = NO;
				DEBUG_INFORMATION_FORMAT = "dwarf-with-dsym";
				ENABLE_NS_ASSERTIONS = NO;
				ENABLE_STRICT_OBJC_MSGSEND = YES;
				GCC_C_LANGUAGE_STANDARD = gnu11;
				GCC_NO_COMMON_BLOCKS = YES;
				GCC_WARN_64_TO_32_BIT_CONVERSION = YES;
				GCC_WARN_ABOUT_RETURN_TYPE = YES_ERROR;
				GCC_WARN_UNDECLARED_SELECTOR = YES;
				GCC_WARN_UNINITIALIZED_AUTOS = YES_AGGRESSIVE;
				GCC_WARN_UNUSED_FUNCTION = YES;
				GCC_WARN_UNUSED_VARIABLE = YES;
				IPHONEOS_DEPLOYMENT_TARGET = 15.2;
				MTL_ENABLE_DEBUG_INFO = NO;
				MTL_FAST_MATH = YES;
				SDKROOT = iphoneos;
				SWIFT_COMPILATION_MODE = wholemodule;
				SWIFT_OPTIMIZATION_LEVEL = "-O";
				VALIDATE_PRODUCT = YES;
			};
			name = Release;
		};
		83C7631027FD685200FDC8D0 /* Debug */ = {
			isa = XCBuildConfiguration;
			buildSettings = {
				ASSETCATALOG_COMPILER_APPICON_NAME = AppIcon;
				ASSETCATALOG_COMPILER_GLOBAL_ACCENT_COLOR_NAME = AccentColor;
				CODE_SIGN_IDENTITY = "Apple Development";
				CODE_SIGN_STYLE = Automatic;
				CURRENT_PROJECT_VERSION = 1;
				DEVELOPMENT_ASSET_PATHS = "\"AppleKiwi/Preview Content\"";
				DEVELOPMENT_TEAM = Y6P5ZFWBM8;
				ENABLE_PREVIEWS = YES;
				GENERATE_INFOPLIST_FILE = YES;
				INFOPLIST_KEY_UIApplicationSceneManifest_Generation = YES;
				INFOPLIST_KEY_UIApplicationSupportsIndirectInputEvents = YES;
				INFOPLIST_KEY_UILaunchScreen_Generation = YES;
				INFOPLIST_KEY_UISupportedInterfaceOrientations_iPad = "UIInterfaceOrientationPortrait UIInterfaceOrientationPortraitUpsideDown UIInterfaceOrientationLandscapeLeft UIInterfaceOrientationLandscapeRight";
				INFOPLIST_KEY_UISupportedInterfaceOrientations_iPhone = "UIInterfaceOrientationPortrait UIInterfaceOrientationLandscapeLeft UIInterfaceOrientationLandscapeRight";
				LD_RUNPATH_SEARCH_PATHS = (
					"$(inherited)",
					"@executable_path/Frameworks",
				);
				MARKETING_VERSION = 1.0;
				PRODUCT_BUNDLE_IDENTIFIER = .Buckill.AppleKiwi;
				PRODUCT_NAME = "$(TARGET_NAME)";
				PROVISIONING_PROFILE_SPECIFIER = "";
				SWIFT_EMIT_LOC_STRINGS = YES;
				SWIFT_VERSION = 5.0;
				TARGETED_DEVICE_FAMILY = "1,2";
			};
			name = Debug;
		};
		83C7631127FD685200FDC8D0 /* Release */ = {
			isa = XCBuildConfiguration;
			buildSettings = {
				ASSETCATALOG_COMPILER_APPICON_NAME = AppIcon;
				ASSETCATALOG_COMPILER_GLOBAL_ACCENT_COLOR_NAME = AccentColor;
				CODE_SIGN_IDENTITY = "Apple Development";
				CODE_SIGN_STYLE = Automatic;
				CURRENT_PROJECT_VERSION = 1;
				DEVELOPMENT_ASSET_PATHS = "\"AppleKiwi/Preview Content\"";
				DEVELOPMENT_TEAM = Y6P5ZFWBM8;
				ENABLE_PREVIEWS = YES;
				GENERATE_INFOPLIST_FILE = YES;
				INFOPLIST_KEY_UIApplicationSceneManifest_Generation = YES;
				INFOPLIST_KEY_UIApplicationSupportsIndirectInputEvents = YES;
				INFOPLIST_KEY_UILaunchScreen_Generation = YES;
				INFOPLIST_KEY_UISupportedInterfaceOrientations_iPad = "UIInterfaceOrientationPortrait UIInterfaceOrientationPortraitUpsideDown UIInterfaceOrientationLandscapeLeft UIInterfaceOrientationLandscapeRight";
				INFOPLIST_KEY_UISupportedInterfaceOrientations_iPhone = "UIInterfaceOrientationPortrait UIInterfaceOrientationLandscapeLeft UIInterfaceOrientationLandscapeRight";
				LD_RUNPATH_SEARCH_PATHS = (
					"$(inherited)",
					"@executable_path/Frameworks",
				);
				MARKETING_VERSION = 1.0;
				PRODUCT_BUNDLE_IDENTIFIER = .Buckill.AppleKiwi;
				PRODUCT_NAME = "$(TARGET_NAME)";
				PROVISIONING_PROFILE_SPECIFIER = "";
				SWIFT_EMIT_LOC_STRINGS = YES;
				SWIFT_VERSION = 5.0;
				TARGETED_DEVICE_FAMILY = "1,2";
			};
			name = Release;
		};
		83C7631327FD685200FDC8D0 /* Debug */ = {
			isa = XCBuildConfiguration;
			buildSettings = {
				ALWAYS_EMBED_SWIFT_STANDARD_LIBRARIES = YES;
				BUNDLE_LOADER = "$(TEST_HOST)";
				CODE_SIGN_STYLE = Automatic;
				CURRENT_PROJECT_VERSION = 1;
				GENERATE_INFOPLIST_FILE = YES;
				IPHONEOS_DEPLOYMENT_TARGET = 15.4;
				MARKETING_VERSION = 1.0;
				PRODUCT_BUNDLE_IDENTIFIER = com.Buckil.AppleKiwiTests;
				PRODUCT_NAME = "$(TARGET_NAME)";
				SWIFT_EMIT_LOC_STRINGS = NO;
				SWIFT_VERSION = 5.0;
				TARGETED_DEVICE_FAMILY = "1,2";
				TEST_HOST = "$(BUILT_PRODUCTS_DIR)/AppleKiwi.app/AppleKiwi";
			};
			name = Debug;
		};
		83C7631427FD685200FDC8D0 /* Release */ = {
			isa = XCBuildConfiguration;
			buildSettings = {
				ALWAYS_EMBED_SWIFT_STANDARD_LIBRARIES = YES;
				BUNDLE_LOADER = "$(TEST_HOST)";
				CODE_SIGN_STYLE = Automatic;
				CURRENT_PROJECT_VERSION = 1;
				GENERATE_INFOPLIST_FILE = YES;
				IPHONEOS_DEPLOYMENT_TARGET = 15.4;
				MARKETING_VERSION = 1.0;
				PRODUCT_BUNDLE_IDENTIFIER = com.Buckil.AppleKiwiTests;
				PRODUCT_NAME = "$(TARGET_NAME)";
				SWIFT_EMIT_LOC_STRINGS = NO;
				SWIFT_VERSION = 5.0;
				TARGETED_DEVICE_FAMILY = "1,2";
				TEST_HOST = "$(BUILT_PRODUCTS_DIR)/AppleKiwi.app/AppleKiwi";
			};
			name = Release;
		};
		83C7631627FD685200FDC8D0 /* Debug */ = {
			isa = XCBuildConfiguration;
			buildSettings = {
				ALWAYS_EMBED_SWIFT_STANDARD_LIBRARIES = YES;
				CODE_SIGN_STYLE = Automatic;
				CURRENT_PROJECT_VERSION = 1;
				GENERATE_INFOPLIST_FILE = YES;
				MARKETING_VERSION = 1.0;
				PRODUCT_BUNDLE_IDENTIFIER = com.Buckil.AppleKiwiUITests;
				PRODUCT_NAME = "$(TARGET_NAME)";
				SWIFT_EMIT_LOC_STRINGS = NO;
				SWIFT_VERSION = 5.0;
				TARGETED_DEVICE_FAMILY = "1,2";
				TEST_TARGET_NAME = AppleKiwi;
			};
			name = Debug;
		};
		83C7631727FD685200FDC8D0 /* Release */ = {
			isa = XCBuildConfiguration;
			buildSettings = {
				ALWAYS_EMBED_SWIFT_STANDARD_LIBRARIES = YES;
				CODE_SIGN_STYLE = Automatic;
				CURRENT_PROJECT_VERSION = 1;
				GENERATE_INFOPLIST_FILE = YES;
				MARKETING_VERSION = 1.0;
				PRODUCT_BUNDLE_IDENTIFIER = com.Buckil.AppleKiwiUITests;
				PRODUCT_NAME = "$(TARGET_NAME)";
				SWIFT_EMIT_LOC_STRINGS = NO;
				SWIFT_VERSION = 5.0;
				TARGETED_DEVICE_FAMILY = "1,2";
				TEST_TARGET_NAME = AppleKiwi;
			};
			name = Release;
		};
/* End XCBuildConfiguration section */

/* Begin XCConfigurationList section */
		83C762E627FD685100FDC8D0 /* Build configuration list for PBXProject "AppleKiwi" */ = {
			isa = XCConfigurationList;
			buildConfigurations = (
				83C7630D27FD685200FDC8D0 /* Debug */,
				83C7630E27FD685200FDC8D0 /* Release */,
			);
			defaultConfigurationIsVisible = 0;
			defaultConfigurationName = Release;
		};
		83C7630F27FD685200FDC8D0 /* Build configuration list for PBXNativeTarget "AppleKiwi" */ = {
			isa = XCConfigurationList;
			buildConfigurations = (
				83C7631027FD685200FDC8D0 /* Debug */,
				83C7631127FD685200FDC8D0 /* Release */,
			);
			defaultConfigurationIsVisible = 0;
			defaultConfigurationName = Release;
		};
		83C7631227FD685200FDC8D0 /* Build configuration list for PBXNativeTarget "AppleKiwiTests" */ = {
			isa = XCConfigurationList;
			buildConfigurations = (
				83C7631327FD685200FDC8D0 /* Debug */,
				83C7631427FD685200FDC8D0 /* Release */,
			);
			defaultConfigurationIsVisible = 0;
			defaultConfigurationName = Release;
		};
		83C7631527FD685200FDC8D0 /* Build configuration list for PBXNativeTarget "AppleKiwiUITests" */ = {
			isa = XCConfigurationList;
			buildConfigurations = (
				83C7631627FD685200FDC8D0 /* Debug */,
				83C7631727FD685200FDC8D0 /* Release */,
			);
			defaultConfigurationIsVisible = 0;
			defaultConfigurationName = Release;
		};
/* End XCConfigurationList section */

/* Begin XCRemoteSwiftPackageReference section */
		F8E7FBA727FD6F3F00CF3F7E /* XCRemoteSwiftPackageReference "MarkdownView" */ = {
			isa = XCRemoteSwiftPackageReference;
			repositoryURL = "https://github.com/keitaoouchi/MarkdownView";
			requirement = {
				kind = upToNextMajorVersion;
				minimumVersion = 1.0.0;
			};
		};
/* End XCRemoteSwiftPackageReference section */

/* Begin XCSwiftPackageProductDependency section */
		F8E7FBA827FD6F3F00CF3F7E /* MarkdownView */ = {
			isa = XCSwiftPackageProductDependency;
			package = F8E7FBA727FD6F3F00CF3F7E /* XCRemoteSwiftPackageReference "MarkdownView" */;
			productName = MarkdownView;
		};
/* End XCSwiftPackageProductDependency section */
	};
	rootObject = 83C762E327FD685100FDC8D0 /* Project object */;
}
